
Microsoft Visual Studio Solution File, Format Version 12.00
# Visual Studio Version 17
VisualStudioVersion = 17.2.32505.173
MinimumVisualStudioVersion = 10.0.40219.1
Project("{9A19103F-16F7-4668-BE54-9A1E7A4F7556}") = "Maui.BiometricTest", "Maui.BiometricTest\Maui.BiometricTest.csproj", "{2E3B0143-2C08-4B89-AC53-116CE9394822}"
EndProject
Project("{9A19103F-16F7-4668-BE54-9A1E7A4F7556}") = "Wpf.FontTest", "Wpf.FontTest\Wpf.FontTest.csproj", "{110634EC-DB5F-4F64-AFF7-7E1C8096BE0F}"
EndProject
Project("{9A19103F-16F7-4668-BE54-9A1E7A4F7556}") = "Maui.PopupTest", "Maui.PopupTest\Maui.PopupTest.csproj", "{24561F95-42C6-431B-9C05-0C09A2C24BFB}"
EndProject
Project("{9A19103F-16F7-4668-BE54-9A1E7A4F7556}") = "Maui.LoginPage", "Maui.LoginPage\Maui.LoginPage.csproj", "{BD1FAFEF-6939-4453-A200-6AD41113F20F}"
EndProject
Project("{9A19103F-16F7-4668-BE54-9A1E7A4F7556}") = "SerilogTest", "SerilogTest\SerilogTest.csproj", "{E8C52F4C-1508-403E-B0CB-A8EA5E40122E}"
EndProject
Project("{FAE04EC0-301F-11D3-BF4B-00C04F79EFBC}") = "Wpf.DevGridTest", "Wpf.DevGridTest\Wpf.DevGridTest.csproj", "{96625E2F-4D4C-467B-ABEF-06923D594AAF}"
EndProject
Project("{9A19103F-16F7-4668-BE54-9A1E7A4F7556}") = "Maui.ImageTest", "Maui.ImageTest\Maui.ImageTest.csproj", "{ADD1B557-648A-4C19-B9DE-8E498C66CDA5}"
EndProject
Project("{9A19103F-16F7-4668-BE54-9A1E7A4F7556}") = "Win.TeeChartLegendClickTest", "Win.TeeChartLegendClickTest\Win.TeeChartLegendClickTest.csproj", "{AF23E9A4-4790-42BA-86EA-24587B727588}"
EndProject
Project("{9A19103F-16F7-4668-BE54-9A1E7A4F7556}") = "Wpf.ListViewSelectItemTest", "Wpf.ListViewSelectItemTest\Wpf.ListViewSelectItemTest.csproj", "{2A754728-4DB8-4F64-A1BC-A4C1BCF9DD47}"
EndProject
Project("{9A19103F-16F7-4668-BE54-9A1E7A4F7556}") = "Maui.ToolKitTest", "Maui.ToolKitTest\Maui.ToolKitTest.csproj", "{7246035E-25D6-4F66-A444-99B7144BD887}"
EndProject
Project("{9A19103F-16F7-4668-BE54-9A1E7A4F7556}") = "Maui.LottieTest", "Maui.LottieTest\Maui.LottieTest.csproj", "{DA4516EC-3FAB-4E61-85B9-98E1E577756C}"
EndProject
Project("{9A19103F-16F7-4668-BE54-9A1E7A4F7556}") = "Maui.AdmobTest", "Maui.AdmobTest\Maui.AdmobTest.csproj", "{8A545609-943B-42BC-9D14-FEA603D6D195}"
EndProject
Project("{9A19103F-16F7-4668-BE54-9A1E7A4F7556}") = "Maui.BlazorAppTest", "Maui.BlazorAppTest\Maui.BlazorAppTest.csproj", "{08DBA480-A858-4C4E-9F9F-BE3DEF4DFEE4}"
EndProject
Project("{9A19103F-16F7-4668-BE54-9A1E7A4F7556}") = "Wpf.StyleTest", "Wpf.StyleTest\Wpf.StyleTest.csproj", "{898C28F4-CDA2-465C-B89A-69152B04F29A}"
EndProject
Project("{9A19103F-16F7-4668-BE54-9A1E7A4F7556}") = "Wpf.XceedToolkitTest", "Wpf.XceedToolkitTest\Wpf.XceedToolkitTest.csproj", "{9F474764-2A32-4B74-921A-0D679F298665}"
EndProject
Project("{9A19103F-16F7-4668-BE54-9A1E7A4F7556}") = "Wpf.ControlCapture", "Wpf.ControlCapture\Wpf.ControlCapture.csproj", "{5896DE50-D06B-4730-87CF-3D671E80DC65}"
EndProject
Project("{9A19103F-16F7-4668-BE54-9A1E7A4F7556}") = "Maui.RouletteGame", "Maui.RouletteGame\Maui.RouletteGame.csproj", "{34970B0C-5E51-4DBE-841F-E1DF10F1AA94}"
EndProject
Project("{9A19103F-16F7-4668-BE54-9A1E7A4F7556}") = "NLogTest", "NLogTest\NLogTest.csproj", "{F1D8994F-2821-458A-868B-579BA1DB24F8}"
EndProject
Project("{9A19103F-16F7-4668-BE54-9A1E7A4F7556}") = "Maui.LikePancakeView", "Maui.LikePancakeView\Maui.LikePancakeView.csproj", "{AF8AFDA6-59A4-4A24-8589-82DFE1A2FF81}"
EndProject
Project("{9A19103F-16F7-4668-BE54-9A1E7A4F7556}") = "Maui.SearchBarTest", "Maui.SearchBarTest\Maui.SearchBarTest.csproj", "{F2CF8446-E1CF-4D48-99D8-A3FE4A14150B}"
EndProject
Project("{9A19103F-16F7-4668-BE54-9A1E7A4F7556}") = "Maui.ZxingBarcodeTest", "Maui.ZxingBarcodeTest\Maui.ZxingBarcodeTest.csproj", "{5224EBE8-280B-4978-87F1-B6B3076C085B}"
EndProject
Project("{9A19103F-16F7-4668-BE54-9A1E7A4F7556}") = "Maui.LiveChartTest", "Maui.LiveChartTest\Maui.LiveChartTest.csproj", "{610FEA51-4D5B-4A10-A8BF-8CB9FD5CC792}"
EndProject
Project("{9A19103F-16F7-4668-BE54-9A1E7A4F7556}") = "Maui.AudioTest", "Maui.AudioTest\Maui.AudioTest.csproj", "{B7C03736-FB41-4185-809C-474A0CDA0A23}"
EndProject
Project("{9A19103F-16F7-4668-BE54-9A1E7A4F7556}") = "Win.TeeChartZoomTest", "Win.TeeChartZoomTest\Win.TeeChartZoomTest.csproj", "{1462D189-E46C-43C3-A8DC-8BF9637C5A3B}"
EndProject
Project("{9A19103F-16F7-4668-BE54-9A1E7A4F7556}") = "Wpf.Test", "Wpf.Test\Wpf.Test.csproj", "{5B341359-0A8E-4DE2-B1E7-6E92D1B77C54}"
EndProject
Project("{9A19103F-16F7-4668-BE54-9A1E7A4F7556}") = "Maui.MapTest", "Maui.MapTest\Maui.MapTest.csproj", "{6BC395DD-073F-4672-8EAA-AC04F9A5A813}"
EndProject
Project("{9A19103F-16F7-4668-BE54-9A1E7A4F7556}") = "Maui.MapHandlerTest", "Maui.MapHandlerTest\Maui.MapHandlerTest.csproj", "{66E333C6-1E90-492D-B5BF-3583E8BCA517}"
EndProject
Project("{9A19103F-16F7-4668-BE54-9A1E7A4F7556}") = "Maui.ToolKitMaui", "Maui.ToolKitMaui\Maui.ToolKitMaui.csproj", "{B50D52B3-42EC-4092-A10A-D4FA51D59096}"
EndProject
Project("{9A19103F-16F7-4668-BE54-9A1E7A4F7556}") = "Maui.ControlTest", "Maui.ControlTest\Maui.ControlTest.csproj", "{73808884-C7EB-49BA-BD9F-791ABDE8F1B0}"
EndProject
Project("{9A19103F-16F7-4668-BE54-9A1E7A4F7556}") = "Maui.ScreenShotTest", "Maui.ScreenShotTest\Maui.ScreenShotTest.csproj", "{FC06CD74-01F3-4642-BE0B-EF930C227661}"
EndProject
Project("{FAE04EC0-301F-11D3-BF4B-00C04F79EFBC}") = "Maui.SqliteTest", "Maui.SqliteTest\Maui.SqliteTest.csproj", "{38919B24-2CE6-49DC-A333-464D6DA18C4C}"
EndProject
Global
	GlobalSection(SolutionConfigurationPlatforms) = preSolution
		Debug|Any CPU = Debug|Any CPU
		Release|Any CPU = Release|Any CPU
	EndGlobalSection
	GlobalSection(ProjectConfigurationPlatforms) = postSolution
		{2E3B0143-2C08-4B89-AC53-116CE9394822}.Debug|Any CPU.ActiveCfg = Debug|Any CPU
		{2E3B0143-2C08-4B89-AC53-116CE9394822}.Debug|Any CPU.Build.0 = Debug|Any CPU
		{2E3B0143-2C08-4B89-AC53-116CE9394822}.Debug|Any CPU.Deploy.0 = Debug|Any CPU
		{2E3B0143-2C08-4B89-AC53-116CE9394822}.Release|Any CPU.ActiveCfg = Release|Any CPU
		{2E3B0143-2C08-4B89-AC53-116CE9394822}.Release|Any CPU.Build.0 = Release|Any CPU
		{2E3B0143-2C08-4B89-AC53-116CE9394822}.Release|Any CPU.Deploy.0 = Release|Any CPU
		{110634EC-DB5F-4F64-AFF7-7E1C8096BE0F}.Debug|Any CPU.ActiveCfg = Debug|Any CPU
		{110634EC-DB5F-4F64-AFF7-7E1C8096BE0F}.Debug|Any CPU.Build.0 = Debug|Any CPU
		{110634EC-DB5F-4F64-AFF7-7E1C8096BE0F}.Release|Any CPU.ActiveCfg = Release|Any CPU
		{110634EC-DB5F-4F64-AFF7-7E1C8096BE0F}.Release|Any CPU.Build.0 = Release|Any CPU
		{24561F95-42C6-431B-9C05-0C09A2C24BFB}.Debug|Any CPU.ActiveCfg = Debug|Any CPU
		{24561F95-42C6-431B-9C05-0C09A2C24BFB}.Debug|Any CPU.Build.0 = Debug|Any CPU
		{24561F95-42C6-431B-9C05-0C09A2C24BFB}.Debug|Any CPU.Deploy.0 = Debug|Any CPU
		{24561F95-42C6-431B-9C05-0C09A2C24BFB}.Release|Any CPU.ActiveCfg = Release|Any CPU
		{24561F95-42C6-431B-9C05-0C09A2C24BFB}.Release|Any CPU.Build.0 = Release|Any CPU
		{24561F95-42C6-431B-9C05-0C09A2C24BFB}.Release|Any CPU.Deploy.0 = Release|Any CPU
		{BD1FAFEF-6939-4453-A200-6AD41113F20F}.Debug|Any CPU.ActiveCfg = Debug|Any CPU
		{BD1FAFEF-6939-4453-A200-6AD41113F20F}.Debug|Any CPU.Build.0 = Debug|Any CPU
		{BD1FAFEF-6939-4453-A200-6AD41113F20F}.Debug|Any CPU.Deploy.0 = Debug|Any CPU
		{BD1FAFEF-6939-4453-A200-6AD41113F20F}.Release|Any CPU.ActiveCfg = Release|Any CPU
		{BD1FAFEF-6939-4453-A200-6AD41113F20F}.Release|Any CPU.Build.0 = Release|Any CPU
		{BD1FAFEF-6939-4453-A200-6AD41113F20F}.Release|Any CPU.Deploy.0 = Release|Any CPU
		{E8C52F4C-1508-403E-B0CB-A8EA5E40122E}.Debug|Any CPU.ActiveCfg = Debug|Any CPU
		{E8C52F4C-1508-403E-B0CB-A8EA5E40122E}.Debug|Any CPU.Build.0 = Debug|Any CPU
		{E8C52F4C-1508-403E-B0CB-A8EA5E40122E}.Release|Any CPU.ActiveCfg = Release|Any CPU
		{E8C52F4C-1508-403E-B0CB-A8EA5E40122E}.Release|Any CPU.Build.0 = Release|Any CPU
		{96625E2F-4D4C-467B-ABEF-06923D594AAF}.Debug|Any CPU.ActiveCfg = Debug|Any CPU
		{96625E2F-4D4C-467B-ABEF-06923D594AAF}.Debug|Any CPU.Build.0 = Debug|Any CPU
		{96625E2F-4D4C-467B-ABEF-06923D594AAF}.Release|Any CPU.ActiveCfg = Release|Any CPU
		{96625E2F-4D4C-467B-ABEF-06923D594AAF}.Release|Any CPU.Build.0 = Release|Any CPU
		{ADD1B557-648A-4C19-B9DE-8E498C66CDA5}.Debug|Any CPU.ActiveCfg = Debug|Any CPU
		{ADD1B557-648A-4C19-B9DE-8E498C66CDA5}.Debug|Any CPU.Build.0 = Debug|Any CPU
		{ADD1B557-648A-4C19-B9DE-8E498C66CDA5}.Debug|Any CPU.Deploy.0 = Debug|Any CPU
		{ADD1B557-648A-4C19-B9DE-8E498C66CDA5}.Release|Any CPU.ActiveCfg = Release|Any CPU
		{ADD1B557-648A-4C19-B9DE-8E498C66CDA5}.Release|Any CPU.Build.0 = Release|Any CPU
		{ADD1B557-648A-4C19-B9DE-8E498C66CDA5}.Release|Any CPU.Deploy.0 = Release|Any CPU
		{AF23E9A4-4790-42BA-86EA-24587B727588}.Debug|Any CPU.ActiveCfg = Debug|Any CPU
		{AF23E9A4-4790-42BA-86EA-24587B727588}.Debug|Any CPU.Build.0 = Debug|Any CPU
		{AF23E9A4-4790-42BA-86EA-24587B727588}.Release|Any CPU.ActiveCfg = Release|Any CPU
		{AF23E9A4-4790-42BA-86EA-24587B727588}.Release|Any CPU.Build.0 = Release|Any CPU
		{2A754728-4DB8-4F64-A1BC-A4C1BCF9DD47}.Debug|Any CPU.ActiveCfg = Debug|Any CPU
		{2A754728-4DB8-4F64-A1BC-A4C1BCF9DD47}.Debug|Any CPU.Build.0 = Debug|Any CPU
		{2A754728-4DB8-4F64-A1BC-A4C1BCF9DD47}.Release|Any CPU.ActiveCfg = Release|Any CPU
		{2A754728-4DB8-4F64-A1BC-A4C1BCF9DD47}.Release|Any CPU.Build.0 = Release|Any CPU
		{7246035E-25D6-4F66-A444-99B7144BD887}.Debug|Any CPU.ActiveCfg = Debug|Any CPU
		{7246035E-25D6-4F66-A444-99B7144BD887}.Debug|Any CPU.Build.0 = Debug|Any CPU
		{7246035E-25D6-4F66-A444-99B7144BD887}.Debug|Any CPU.Deploy.0 = Debug|Any CPU
		{7246035E-25D6-4F66-A444-99B7144BD887}.Release|Any CPU.ActiveCfg = Release|Any CPU
		{7246035E-25D6-4F66-A444-99B7144BD887}.Release|Any CPU.Build.0 = Release|Any CPU
		{7246035E-25D6-4F66-A444-99B7144BD887}.Release|Any CPU.Deploy.0 = Release|Any CPU
		{DA4516EC-3FAB-4E61-85B9-98E1E577756C}.Debug|Any CPU.ActiveCfg = Debug|Any CPU
		{DA4516EC-3FAB-4E61-85B9-98E1E577756C}.Debug|Any CPU.Build.0 = Debug|Any CPU
		{DA4516EC-3FAB-4E61-85B9-98E1E577756C}.Debug|Any CPU.Deploy.0 = Debug|Any CPU
		{DA4516EC-3FAB-4E61-85B9-98E1E577756C}.Release|Any CPU.ActiveCfg = Release|Any CPU
		{DA4516EC-3FAB-4E61-85B9-98E1E577756C}.Release|Any CPU.Build.0 = Release|Any CPU
		{DA4516EC-3FAB-4E61-85B9-98E1E577756C}.Release|Any CPU.Deploy.0 = Release|Any CPU
		{8A545609-943B-42BC-9D14-FEA603D6D195}.Debug|Any CPU.ActiveCfg = Debug|Any CPU
		{8A545609-943B-42BC-9D14-FEA603D6D195}.Debug|Any CPU.Build.0 = Debug|Any CPU
		{8A545609-943B-42BC-9D14-FEA603D6D195}.Debug|Any CPU.Deploy.0 = Debug|Any CPU
		{8A545609-943B-42BC-9D14-FEA603D6D195}.Release|Any CPU.ActiveCfg = Release|Any CPU
		{8A545609-943B-42BC-9D14-FEA603D6D195}.Release|Any CPU.Build.0 = Release|Any CPU
		{8A545609-943B-42BC-9D14-FEA603D6D195}.Release|Any CPU.Deploy.0 = Release|Any CPU
		{08DBA480-A858-4C4E-9F9F-BE3DEF4DFEE4}.Debug|Any CPU.ActiveCfg = Debug|Any CPU
		{08DBA480-A858-4C4E-9F9F-BE3DEF4DFEE4}.Debug|Any CPU.Build.0 = Debug|Any CPU
		{08DBA480-A858-4C4E-9F9F-BE3DEF4DFEE4}.Debug|Any CPU.Deploy.0 = Debug|Any CPU
		{08DBA480-A858-4C4E-9F9F-BE3DEF4DFEE4}.Release|Any CPU.ActiveCfg = Release|Any CPU
		{08DBA480-A858-4C4E-9F9F-BE3DEF4DFEE4}.Release|Any CPU.Build.0 = Release|Any CPU
		{08DBA480-A858-4C4E-9F9F-BE3DEF4DFEE4}.Release|Any CPU.Deploy.0 = Release|Any CPU
		{898C28F4-CDA2-465C-B89A-69152B04F29A}.Debug|Any CPU.ActiveCfg = Debug|Any CPU
		{898C28F4-CDA2-465C-B89A-69152B04F29A}.Debug|Any CPU.Build.0 = Debug|Any CPU
		{898C28F4-CDA2-465C-B89A-69152B04F29A}.Release|Any CPU.ActiveCfg = Release|Any CPU
		{898C28F4-CDA2-465C-B89A-69152B04F29A}.Release|Any CPU.Build.0 = Release|Any CPU
		{9F474764-2A32-4B74-921A-0D679F298665}.Debug|Any CPU.ActiveCfg = Debug|Any CPU
		{9F474764-2A32-4B74-921A-0D679F298665}.Debug|Any CPU.Build.0 = Debug|Any CPU
		{9F474764-2A32-4B74-921A-0D679F298665}.Release|Any CPU.ActiveCfg = Release|Any CPU
		{9F474764-2A32-4B74-921A-0D679F298665}.Release|Any CPU.Build.0 = Release|Any CPU
		{5896DE50-D06B-4730-87CF-3D671E80DC65}.Debug|Any CPU.ActiveCfg = Debug|Any CPU
		{5896DE50-D06B-4730-87CF-3D671E80DC65}.Debug|Any CPU.Build.0 = Debug|Any CPU
		{5896DE50-D06B-4730-87CF-3D671E80DC65}.Release|Any CPU.ActiveCfg = Release|Any CPU
		{5896DE50-D06B-4730-87CF-3D671E80DC65}.Release|Any CPU.Build.0 = Release|Any CPU
		{34970B0C-5E51-4DBE-841F-E1DF10F1AA94}.Debug|Any CPU.ActiveCfg = Debug|Any CPU
		{34970B0C-5E51-4DBE-841F-E1DF10F1AA94}.Debug|Any CPU.Build.0 = Debug|Any CPU
		{34970B0C-5E51-4DBE-841F-E1DF10F1AA94}.Debug|Any CPU.Deploy.0 = Debug|Any CPU
		{34970B0C-5E51-4DBE-841F-E1DF10F1AA94}.Release|Any CPU.ActiveCfg = Release|Any CPU
		{34970B0C-5E51-4DBE-841F-E1DF10F1AA94}.Release|Any CPU.Build.0 = Release|Any CPU
		{34970B0C-5E51-4DBE-841F-E1DF10F1AA94}.Release|Any CPU.Deploy.0 = Release|Any CPU
		{F1D8994F-2821-458A-868B-579BA1DB24F8}.Debug|Any CPU.ActiveCfg = Debug|Any CPU
		{F1D8994F-2821-458A-868B-579BA1DB24F8}.Debug|Any CPU.Build.0 = Debug|Any CPU
		{F1D8994F-2821-458A-868B-579BA1DB24F8}.Release|Any CPU.ActiveCfg = Release|Any CPU
		{F1D8994F-2821-458A-868B-579BA1DB24F8}.Release|Any CPU.Build.0 = Release|Any CPU
		{AF8AFDA6-59A4-4A24-8589-82DFE1A2FF81}.Debug|Any CPU.ActiveCfg = Debug|Any CPU
		{AF8AFDA6-59A4-4A24-8589-82DFE1A2FF81}.Debug|Any CPU.Build.0 = Debug|Any CPU
		{AF8AFDA6-59A4-4A24-8589-82DFE1A2FF81}.Debug|Any CPU.Deploy.0 = Debug|Any CPU
		{AF8AFDA6-59A4-4A24-8589-82DFE1A2FF81}.Release|Any CPU.ActiveCfg = Release|Any CPU
		{AF8AFDA6-59A4-4A24-8589-82DFE1A2FF81}.Release|Any CPU.Build.0 = Release|Any CPU
		{AF8AFDA6-59A4-4A24-8589-82DFE1A2FF81}.Release|Any CPU.Deploy.0 = Release|Any CPU
		{F2CF8446-E1CF-4D48-99D8-A3FE4A14150B}.Debug|Any CPU.ActiveCfg = Debug|Any CPU
		{F2CF8446-E1CF-4D48-99D8-A3FE4A14150B}.Debug|Any CPU.Build.0 = Debug|Any CPU
		{F2CF8446-E1CF-4D48-99D8-A3FE4A14150B}.Debug|Any CPU.Deploy.0 = Debug|Any CPU
		{F2CF8446-E1CF-4D48-99D8-A3FE4A14150B}.Release|Any CPU.ActiveCfg = Release|Any CPU
		{F2CF8446-E1CF-4D48-99D8-A3FE4A14150B}.Release|Any CPU.Build.0 = Release|Any CPU
		{F2CF8446-E1CF-4D48-99D8-A3FE4A14150B}.Release|Any CPU.Deploy.0 = Release|Any CPU
		{5224EBE8-280B-4978-87F1-B6B3076C085B}.Debug|Any CPU.ActiveCfg = Debug|Any CPU
		{5224EBE8-280B-4978-87F1-B6B3076C085B}.Debug|Any CPU.Build.0 = Debug|Any CPU
		{5224EBE8-280B-4978-87F1-B6B3076C085B}.Debug|Any CPU.Deploy.0 = Debug|Any CPU
		{5224EBE8-280B-4978-87F1-B6B3076C085B}.Release|Any CPU.ActiveCfg = Release|Any CPU
		{5224EBE8-280B-4978-87F1-B6B3076C085B}.Release|Any CPU.Build.0 = Release|Any CPU
		{5224EBE8-280B-4978-87F1-B6B3076C085B}.Release|Any CPU.Deploy.0 = Release|Any CPU
		{610FEA51-4D5B-4A10-A8BF-8CB9FD5CC792}.Debug|Any CPU.ActiveCfg = Debug|Any CPU
		{610FEA51-4D5B-4A10-A8BF-8CB9FD5CC792}.Debug|Any CPU.Build.0 = Debug|Any CPU
		{610FEA51-4D5B-4A10-A8BF-8CB9FD5CC792}.Debug|Any CPU.Deploy.0 = Debug|Any CPU
		{610FEA51-4D5B-4A10-A8BF-8CB9FD5CC792}.Release|Any CPU.ActiveCfg = Release|Any CPU
		{610FEA51-4D5B-4A10-A8BF-8CB9FD5CC792}.Release|Any CPU.Build.0 = Release|Any CPU
		{610FEA51-4D5B-4A10-A8BF-8CB9FD5CC792}.Release|Any CPU.Deploy.0 = Release|Any CPU
		{B7C03736-FB41-4185-809C-474A0CDA0A23}.Debug|Any CPU.ActiveCfg = Debug|Any CPU
		{B7C03736-FB41-4185-809C-474A0CDA0A23}.Debug|Any CPU.Build.0 = Debug|Any CPU
		{B7C03736-FB41-4185-809C-474A0CDA0A23}.Debug|Any CPU.Deploy.0 = Debug|Any CPU
		{B7C03736-FB41-4185-809C-474A0CDA0A23}.Release|Any CPU.ActiveCfg = Release|Any CPU
		{B7C03736-FB41-4185-809C-474A0CDA0A23}.Release|Any CPU.Build.0 = Release|Any CPU
		{B7C03736-FB41-4185-809C-474A0CDA0A23}.Release|Any CPU.Deploy.0 = Release|Any CPU
		{1462D189-E46C-43C3-A8DC-8BF9637C5A3B}.Debug|Any CPU.ActiveCfg = Debug|Any CPU
		{1462D189-E46C-43C3-A8DC-8BF9637C5A3B}.Debug|Any CPU.Build.0 = Debug|Any CPU
		{1462D189-E46C-43C3-A8DC-8BF9637C5A3B}.Release|Any CPU.ActiveCfg = Release|Any CPU
		{1462D189-E46C-43C3-A8DC-8BF9637C5A3B}.Release|Any CPU.Build.0 = Release|Any CPU
		{5B341359-0A8E-4DE2-B1E7-6E92D1B77C54}.Debug|Any CPU.ActiveCfg = Debug|Any CPU
		{5B341359-0A8E-4DE2-B1E7-6E92D1B77C54}.Debug|Any CPU.Build.0 = Debug|Any CPU
		{5B341359-0A8E-4DE2-B1E7-6E92D1B77C54}.Release|Any CPU.ActiveCfg = Release|Any CPU
		{5B341359-0A8E-4DE2-B1E7-6E92D1B77C54}.Release|Any CPU.Build.0 = Release|Any CPU
		{6BC395DD-073F-4672-8EAA-AC04F9A5A813}.Debug|Any CPU.ActiveCfg = Debug|Any CPU
		{6BC395DD-073F-4672-8EAA-AC04F9A5A813}.Debug|Any CPU.Build.0 = Debug|Any CPU
		{6BC395DD-073F-4672-8EAA-AC04F9A5A813}.Debug|Any CPU.Deploy.0 = Debug|Any CPU
		{6BC395DD-073F-4672-8EAA-AC04F9A5A813}.Release|Any CPU.ActiveCfg = Release|Any CPU
		{6BC395DD-073F-4672-8EAA-AC04F9A5A813}.Release|Any CPU.Build.0 = Release|Any CPU
		{6BC395DD-073F-4672-8EAA-AC04F9A5A813}.Release|Any CPU.Deploy.0 = Release|Any CPU
		{66E333C6-1E90-492D-B5BF-3583E8BCA517}.Debug|Any CPU.ActiveCfg = Debug|Any CPU
		{66E333C6-1E90-492D-B5BF-3583E8BCA517}.Debug|Any CPU.Build.0 = Debug|Any CPU
		{66E333C6-1E90-492D-B5BF-3583E8BCA517}.Debug|Any CPU.Deploy.0 = Debug|Any CPU
		{66E333C6-1E90-492D-B5BF-3583E8BCA517}.Release|Any CPU.ActiveCfg = Release|Any CPU
		{66E333C6-1E90-492D-B5BF-3583E8BCA517}.Release|Any CPU.Build.0 = Release|Any CPU
		{66E333C6-1E90-492D-B5BF-3583E8BCA517}.Release|Any CPU.Deploy.0 = Release|Any CPU
		{B50D52B3-42EC-4092-A10A-D4FA51D59096}.Debug|Any CPU.ActiveCfg = Debug|Any CPU
		{B50D52B3-42EC-4092-A10A-D4FA51D59096}.Debug|Any CPU.Build.0 = Debug|Any CPU
		{B50D52B3-42EC-4092-A10A-D4FA51D59096}.Debug|Any CPU.Deploy.0 = Debug|Any CPU
		{B50D52B3-42EC-4092-A10A-D4FA51D59096}.Release|Any CPU.ActiveCfg = Release|Any CPU
		{B50D52B3-42EC-4092-A10A-D4FA51D59096}.Release|Any CPU.Build.0 = Release|Any CPU
		{B50D52B3-42EC-4092-A10A-D4FA51D59096}.Release|Any CPU.Deploy.0 = Release|Any CPU
		{73808884-C7EB-49BA-BD9F-791ABDE8F1B0}.Debug|Any CPU.ActiveCfg = Debug|Any CPU
		{73808884-C7EB-49BA-BD9F-791ABDE8F1B0}.Debug|Any CPU.Build.0 = Debug|Any CPU
		{73808884-C7EB-49BA-BD9F-791ABDE8F1B0}.Debug|Any CPU.Deploy.0 = Debug|Any CPU
		{73808884-C7EB-49BA-BD9F-791ABDE8F1B0}.Release|Any CPU.ActiveCfg = Release|Any CPU
		{73808884-C7EB-49BA-BD9F-791ABDE8F1B0}.Release|Any CPU.Build.0 = Release|Any CPU
		{73808884-C7EB-49BA-BD9F-791ABDE8F1B0}.Release|Any CPU.Deploy.0 = Release|Any CPU
		{FC06CD74-01F3-4642-BE0B-EF930C227661}.Debug|Any CPU.ActiveCfg = Debug|Any CPU
		{FC06CD74-01F3-4642-BE0B-EF930C227661}.Debug|Any CPU.Build.0 = Debug|Any CPU
		{FC06CD74-01F3-4642-BE0B-EF930C227661}.Debug|Any CPU.Deploy.0 = Debug|Any CPU
		{FC06CD74-01F3-4642-BE0B-EF930C227661}.Release|Any CPU.ActiveCfg = Release|Any CPU
		{FC06CD74-01F3-4642-BE0B-EF930C227661}.Release|Any CPU.Build.0 = Release|Any CPU
		{FC06CD74-01F3-4642-BE0B-EF930C227661}.Release|Any CPU.Deploy.0 = Release|Any CPU
		{38919B24-2CE6-49DC-A333-464D6DA18C4C}.Debug|Any CPU.ActiveCfg = Debug|Any CPU
		{38919B24-2CE6-49DC-A333-464D6DA18C4C}.Debug|Any CPU.Build.0 = Debug|Any CPU
		{38919B24-2CE6-49DC-A333-464D6DA18C4C}.Debug|Any CPU.Deploy.0 = Debug|Any CPU
		{38919B24-2CE6-49DC-A333-464D6DA18C4C}.Release|Any CPU.ActiveCfg = Release|Any CPU
		{38919B24-2CE6-49DC-A333-464D6DA18C4C}.Release|Any CPU.Build.0 = Release|Any CPU
		{38919B24-2CE6-49DC-A333-464D6DA18C4C}.Release|Any CPU.Deploy.0 = Release|Any CPU
	EndGlobalSection
	GlobalSection(SolutionProperties) = preSolution
		HideSolutionNode = FALSE
	EndGlobalSection
	GlobalSection(ExtensibilityGlobals) = postSolution
		SolutionGuid = {21DA2215-318D-4746-9816-7E22F6DEE311}
	EndGlobalSection
EndGlobal
